
Microsoft Visual Studio Solution File, Format Version 10.00
# Visual C# Express 2008
Project("{FAE04EC0-301F-11D3-BF4B-00C04F79EFBC}") = "RHFExporter", "RHFExporter\RHFExporter.csproj", "{B0FF4FD0-37AE-4E08-9F9F-BE4DA0C6707A}"
	ProjectSection(ProjectDependencies) = postProject
		{5482E0F4-7106-458A-A1C0-2E74C704837D} = {5482E0F4-7106-458A-A1C0-2E74C704837D}
	EndProjectSection
EndProject
Project("{FAE04EC0-301F-11D3-BF4B-00C04F79EFBC}") = "SPAGS", "..\..\..\..\SPAGS\SVN\SPAGS\SPAGS.csproj", "{5482E0F4-7106-458A-A1C0-2E74C704837D}"
EndProject
Global
	GlobalSection(SolutionConfigurationPlatforms) = preSolution
		Debug|Any CPU = Debug|Any CPU
		Release|Any CPU = Release|Any CPU
	EndGlobalSection
	GlobalSection(ProjectConfigurationPlatforms) = postSolution
		{B0FF4FD0-37AE-4E08-9F9F-BE4DA0C6707A}.Debug|Any CPU.ActiveCfg = Debug|Any CPU
		{B0FF4FD0-37AE-4E08-9F9F-BE4DA0C6707A}.Debug|Any CPU.Build.0 = Debug|Any CPU
		{B0FF4FD0-37AE-4E08-9F9F-BE4DA0C6707A}.Release|Any CPU.ActiveCfg = Release|Any CPU
		{B0FF4FD0-37AE-4E08-9F9F-BE4DA0C6707A}.Release|Any CPU.Build.0 = Release|Any CPU
		{5482E0F4-7106-458A-A1C0-2E74C704837D}.Debug|Any CPU.ActiveCfg = Debug|Any CPU
		{5482E0F4-7106-458A-A1C0-2E74C704837D}.Debug|Any CPU.Build.0 = Debug|Any CPU
		{5482E0F4-7106-458A-A1C0-2E74C704837D}.Release|Any CPU.ActiveCfg = Release|Any CPU
		{5482E0F4-7106-458A-A1C0-2E74C704837D}.Release|Any CPU.Build.0 = Release|Any CPU
	EndGlobalSection
	GlobalSection(SolutionProperties) = preSolution
		HideSolutionNode = FALSE
	EndGlobalSection
EndGlobal
